
Microsoft Visual Studio Solution File, Format Version 12.00
# Visual Studio Version 17
VisualStudioVersion = 17.0.31903.59
MinimumVisualStudioVersion = 10.0.40219.1
Project("{2150E333-8FDC-42A3-9474-1A3956D46DE8}") = "src", "src", "{827E0CD3-B72D-47B6-A68D-7590B98EB39B}"
EndProject
Project("{FAE04EC0-301F-11D3-BF4B-00C04F79EFBC}") = "AuctionService", "src\AuctionService\AuctionService.csproj", "{A31088EF-9C54-4E4F-97AA-836553A218ED}"
EndProject
Project("{FAE04EC0-301F-11D3-BF4B-00C04F79EFBC}") = "SearchService", "src\SearchService\SearchService.csproj", "{FFFCAF66-2C02-4977-B378-A7D3D4198982}"
EndProject
Project("{FAE04EC0-301F-11D3-BF4B-00C04F79EFBC}") = "Contracts", "src\Contracts\Contracts.csproj", "{0F6EAA12-D69D-4258-8FBE-CF187A34CF7E}"
EndProject
Global
	GlobalSection(SolutionConfigurationPlatforms) = preSolution
		Debug|Any CPU = Debug|Any CPU
		Debug|x64 = Debug|x64
		Debug|x86 = Debug|x86
		Release|Any CPU = Release|Any CPU
		Release|x64 = Release|x64
		Release|x86 = Release|x86
	EndGlobalSection
	GlobalSection(ProjectConfigurationPlatforms) = postSolution
		{A31088EF-9C54-4E4F-97AA-836553A218ED}.Debug|Any CPU.ActiveCfg = Debug|Any CPU
		{A31088EF-9C54-4E4F-97AA-836553A218ED}.Debug|Any CPU.Build.0 = Debug|Any CPU
		{A31088EF-9C54-4E4F-97AA-836553A218ED}.Debug|x64.ActiveCfg = Debug|Any CPU
		{A31088EF-9C54-4E4F-97AA-836553A218ED}.Debug|x64.Build.0 = Debug|Any CPU
		{A31088EF-9C54-4E4F-97AA-836553A218ED}.Debug|x86.ActiveCfg = Debug|Any CPU
		{A31088EF-9C54-4E4F-97AA-836553A218ED}.Debug|x86.Build.0 = Debug|Any CPU
		{A31088EF-9C54-4E4F-97AA-836553A218ED}.Release|Any CPU.ActiveCfg = Release|Any CPU
		{A31088EF-9C54-4E4F-97AA-836553A218ED}.Release|Any CPU.Build.0 = Release|Any CPU
		{A31088EF-9C54-4E4F-97AA-836553A218ED}.Release|x64.ActiveCfg = Release|Any CPU
		{A31088EF-9C54-4E4F-97AA-836553A218ED}.Release|x64.Build.0 = Release|Any CPU
		{A31088EF-9C54-4E4F-97AA-836553A218ED}.Release|x86.ActiveCfg = Release|Any CPU
		{A31088EF-9C54-4E4F-97AA-836553A218ED}.Release|x86.Build.0 = Release|Any CPU
		{FFFCAF66-2C02-4977-B378-A7D3D4198982}.Debug|Any CPU.ActiveCfg = Debug|Any CPU
		{FFFCAF66-2C02-4977-B378-A7D3D4198982}.Debug|Any CPU.Build.0 = Debug|Any CPU
		{FFFCAF66-2C02-4977-B378-A7D3D4198982}.Debug|x64.ActiveCfg = Debug|Any CPU
		{FFFCAF66-2C02-4977-B378-A7D3D4198982}.Debug|x64.Build.0 = Debug|Any CPU
		{FFFCAF66-2C02-4977-B378-A7D3D4198982}.Debug|x86.ActiveCfg = Debug|Any CPU
		{FFFCAF66-2C02-4977-B378-A7D3D4198982}.Debug|x86.Build.0 = Debug|Any CPU
		{FFFCAF66-2C02-4977-B378-A7D3D4198982}.Release|Any CPU.ActiveCfg = Release|Any CPU
		{FFFCAF66-2C02-4977-B378-A7D3D4198982}.Release|Any CPU.Build.0 = Release|Any CPU
		{FFFCAF66-2C02-4977-B378-A7D3D4198982}.Release|x64.ActiveCfg = Release|Any CPU
		{FFFCAF66-2C02-4977-B378-A7D3D4198982}.Release|x64.Build.0 = Release|Any CPU
		{FFFCAF66-2C02-4977-B378-A7D3D4198982}.Release|x86.ActiveCfg = Release|Any CPU
		{FFFCAF66-2C02-4977-B378-A7D3D4198982}.Release|x86.Build.0 = Release|Any CPU
		{0F6EAA12-D69D-4258-8FBE-CF187A34CF7E}.Debug|Any CPU.ActiveCfg = Debug|Any CPU
		{0F6EAA12-D69D-4258-8FBE-CF187A34CF7E}.Debug|Any CPU.Build.0 = Debug|Any CPU
		{0F6EAA12-D69D-4258-8FBE-CF187A34CF7E}.Debug|x64.ActiveCfg = Debug|Any CPU
		{0F6EAA12-D69D-4258-8FBE-CF187A34CF7E}.Debug|x64.Build.0 = Debug|Any CPU
		{0F6EAA12-D69D-4258-8FBE-CF187A34CF7E}.Debug|x86.ActiveCfg = Debug|Any CPU
		{0F6EAA12-D69D-4258-8FBE-CF187A34CF7E}.Debug|x86.Build.0 = Debug|Any CPU
		{0F6EAA12-D69D-4258-8FBE-CF187A34CF7E}.Release|Any CPU.ActiveCfg = Release|Any CPU
		{0F6EAA12-D69D-4258-8FBE-CF187A34CF7E}.Release|Any CPU.Build.0 = Release|Any CPU
		{0F6EAA12-D69D-4258-8FBE-CF187A34CF7E}.Release|x64.ActiveCfg = Release|Any CPU
		{0F6EAA12-D69D-4258-8FBE-CF187A34CF7E}.Release|x64.Build.0 = Release|Any CPU
		{0F6EAA12-D69D-4258-8FBE-CF187A34CF7E}.Release|x86.ActiveCfg = Release|Any CPU
		{0F6EAA12-D69D-4258-8FBE-CF187A34CF7E}.Release|x86.Build.0 = Release|Any CPU
	EndGlobalSection
	GlobalSection(SolutionProperties) = preSolution
		HideSolutionNode = FALSE
	EndGlobalSection
	GlobalSection(NestedProjects) = preSolution
		{A31088EF-9C54-4E4F-97AA-836553A218ED} = {827E0CD3-B72D-47B6-A68D-7590B98EB39B}
		{FFFCAF66-2C02-4977-B378-A7D3D4198982} = {827E0CD3-B72D-47B6-A68D-7590B98EB39B}
		{0F6EAA12-D69D-4258-8FBE-CF187A34CF7E} = {827E0CD3-B72D-47B6-A68D-7590B98EB39B}
	EndGlobalSection
EndGlobal
